
Microsoft Visual Studio Solution File, Format Version 12.00
# Visual Studio Version 16
VisualStudioVersion = 16.0.29806.167
MinimumVisualStudioVersion = 10.0.40219.1
Project("{FAE04EC0-301F-11D3-BF4B-00C04F79EFBC}") = "Real_Vagas_API", "Real_Vagas_API.csproj", "{AF16C675-5F70-4951-8A1E-AA8D5B16361F}"
EndProject
Global
	GlobalSection(SolutionConfigurationPlatforms) = preSolution
		Debug|Any CPU = Debug|Any CPU
		Release|Any CPU = Release|Any CPU
	EndGlobalSection
	GlobalSection(ProjectConfigurationPlatforms) = postSolution
		{AF16C675-5F70-4951-8A1E-AA8D5B16361F}.Debug|Any CPU.ActiveCfg = Debug|Any CPU
		{AF16C675-5F70-4951-8A1E-AA8D5B16361F}.Debug|Any CPU.Build.0 = Debug|Any CPU
		{AF16C675-5F70-4951-8A1E-AA8D5B16361F}.Release|Any CPU.ActiveCfg = Release|Any CPU
		{AF16C675-5F70-4951-8A1E-AA8D5B16361F}.Release|Any CPU.Build.0 = Release|Any CPU
	EndGlobalSection
	GlobalSection(SolutionProperties) = preSolution
		HideSolutionNode = FALSE
	EndGlobalSection
	GlobalSection(ExtensibilityGlobals) = postSolution
		SolutionGuid = {FB794D4C-45FA-4861-8E46-5EF428DFC803}
	EndGlobalSection
EndGlobal
